
Microsoft Visual Studio Solution File, Format Version 12.00
# Visual Studio Version 17
VisualStudioVersion = 17.0.31903.59
MinimumVisualStudioVersion = 10.0.40219.1
Project("{FAE04EC0-301F-11D3-BF4B-00C04F79EFBC}") = "BaseProject", "BaseProject\BaseProject.csproj", "{44DC4C45-EDE0-4DCD-A79A-C86C56679A09}"
EndProject
<<<<<<< HEAD
<<<<<<< HEAD
<<<<<<< HEAD
<<<<<<< HEAD
Project("{FAE04EC0-301F-11D3-BF4B-00C04F79EFBC}") = "WebApp.Strategy.DP", "WebApp.Strategy.DP\WebApp.Strategy.DP.csproj", "{88C8CED2-7DD0-4B3F-93C0-62E955A61DD6}"
=======
Project("{FAE04EC0-301F-11D3-BF4B-00C04F79EFBC}") = "WebApp.Template.DP", "WebApp.Template.DP\WebApp.Template.DP.csproj", "{873576D8-E0D7-4DB0-9FB4-976EC9FC9416}"
>>>>>>> ch_3_template_pattern
=======
Project("{FAE04EC0-301F-11D3-BF4B-00C04F79EFBC}") = "WebApp.Command.DP", "WebApp.Command.DP\WebApp.Command.DP.csproj", "{50503B23-2ED1-493C-86D7-E929D91C6BD2}"
>>>>>>> ch_4_command_pattern
=======
Project("{FAE04EC0-301F-11D3-BF4B-00C04F79EFBC}") = "WebApp.Observer.DP", "WebApp.Observer.DP\WebApp.Observer.DP.csproj", "{03446E79-8681-4822-98C4-CD34B4EEDC65}"
>>>>>>> ch_5_observer_pattern
=======
Project("{FAE04EC0-301F-11D3-BF4B-00C04F79EFBC}") = "WebApp.ChainOfResponsibility.DP", "WebApp.ChainOfResponsibility.DP\WebApp.ChainOfResponsibility.DP.csproj", "{C1FF8873-1A18-402A-88D2-8B4E65EA3FEB}"
>>>>>>> ch_6_chain_of_responsibility_pattern
EndProject
Global
	GlobalSection(SolutionConfigurationPlatforms) = preSolution
		Debug|Any CPU = Debug|Any CPU
		Release|Any CPU = Release|Any CPU
	EndGlobalSection
	GlobalSection(SolutionProperties) = preSolution
		HideSolutionNode = FALSE
	EndGlobalSection
	GlobalSection(ProjectConfigurationPlatforms) = postSolution
		{44DC4C45-EDE0-4DCD-A79A-C86C56679A09}.Debug|Any CPU.ActiveCfg = Debug|Any CPU
		{44DC4C45-EDE0-4DCD-A79A-C86C56679A09}.Debug|Any CPU.Build.0 = Debug|Any CPU
		{44DC4C45-EDE0-4DCD-A79A-C86C56679A09}.Release|Any CPU.ActiveCfg = Release|Any CPU
		{44DC4C45-EDE0-4DCD-A79A-C86C56679A09}.Release|Any CPU.Build.0 = Release|Any CPU
<<<<<<< HEAD
<<<<<<< HEAD
<<<<<<< HEAD
<<<<<<< HEAD
		{88C8CED2-7DD0-4B3F-93C0-62E955A61DD6}.Debug|Any CPU.ActiveCfg = Debug|Any CPU
		{88C8CED2-7DD0-4B3F-93C0-62E955A61DD6}.Debug|Any CPU.Build.0 = Debug|Any CPU
		{88C8CED2-7DD0-4B3F-93C0-62E955A61DD6}.Release|Any CPU.ActiveCfg = Release|Any CPU
		{88C8CED2-7DD0-4B3F-93C0-62E955A61DD6}.Release|Any CPU.Build.0 = Release|Any CPU
=======
		{873576D8-E0D7-4DB0-9FB4-976EC9FC9416}.Debug|Any CPU.ActiveCfg = Debug|Any CPU
		{873576D8-E0D7-4DB0-9FB4-976EC9FC9416}.Debug|Any CPU.Build.0 = Debug|Any CPU
		{873576D8-E0D7-4DB0-9FB4-976EC9FC9416}.Release|Any CPU.ActiveCfg = Release|Any CPU
		{873576D8-E0D7-4DB0-9FB4-976EC9FC9416}.Release|Any CPU.Build.0 = Release|Any CPU
>>>>>>> ch_3_template_pattern
=======
		{50503B23-2ED1-493C-86D7-E929D91C6BD2}.Debug|Any CPU.ActiveCfg = Debug|Any CPU
		{50503B23-2ED1-493C-86D7-E929D91C6BD2}.Debug|Any CPU.Build.0 = Debug|Any CPU
		{50503B23-2ED1-493C-86D7-E929D91C6BD2}.Release|Any CPU.ActiveCfg = Release|Any CPU
		{50503B23-2ED1-493C-86D7-E929D91C6BD2}.Release|Any CPU.Build.0 = Release|Any CPU
>>>>>>> ch_4_command_pattern
=======
		{03446E79-8681-4822-98C4-CD34B4EEDC65}.Debug|Any CPU.ActiveCfg = Debug|Any CPU
		{03446E79-8681-4822-98C4-CD34B4EEDC65}.Debug|Any CPU.Build.0 = Debug|Any CPU
		{03446E79-8681-4822-98C4-CD34B4EEDC65}.Release|Any CPU.ActiveCfg = Release|Any CPU
		{03446E79-8681-4822-98C4-CD34B4EEDC65}.Release|Any CPU.Build.0 = Release|Any CPU
>>>>>>> ch_5_observer_pattern
=======
		{C1FF8873-1A18-402A-88D2-8B4E65EA3FEB}.Debug|Any CPU.ActiveCfg = Debug|Any CPU
		{C1FF8873-1A18-402A-88D2-8B4E65EA3FEB}.Debug|Any CPU.Build.0 = Debug|Any CPU
		{C1FF8873-1A18-402A-88D2-8B4E65EA3FEB}.Release|Any CPU.ActiveCfg = Release|Any CPU
		{C1FF8873-1A18-402A-88D2-8B4E65EA3FEB}.Release|Any CPU.Build.0 = Release|Any CPU
>>>>>>> ch_6_chain_of_responsibility_pattern
	EndGlobalSection
EndGlobal
